
Microsoft Visual Studio Solution File, Format Version 12.00
# Visual Studio 14
VisualStudioVersion = 14.0.24720.0
MinimumVisualStudioVersion = 10.0.40219.1
Project("{FAE04EC0-301F-11D3-BF4B-00C04F79EFBC}") = "ScanFile", "ScanFile\ScanFile.csproj", "{6690B154-0252-4688-AE24-5A6889467479}"
EndProject
Project("{FAE04EC0-301F-11D3-BF4B-00C04F79EFBC}") = "ScanFileTests", "ScanFileTests\ScanFileTests.csproj", "{F5083687-CF85-4EBF-BD12-4011F7BE099B}"
EndProject
Global
	GlobalSection(SolutionConfigurationPlatforms) = preSolution
		Debug|Any CPU = Debug|Any CPU
		Release|Any CPU = Release|Any CPU
	EndGlobalSection
	GlobalSection(ProjectConfigurationPlatforms) = postSolution
		{6690B154-0252-4688-AE24-5A6889467479}.Debug|Any CPU.ActiveCfg = Debug|Any CPU
		{6690B154-0252-4688-AE24-5A6889467479}.Debug|Any CPU.Build.0 = Debug|Any CPU
		{6690B154-0252-4688-AE24-5A6889467479}.Release|Any CPU.ActiveCfg = Release|Any CPU
		{6690B154-0252-4688-AE24-5A6889467479}.Release|Any CPU.Build.0 = Release|Any CPU
		{F5083687-CF85-4EBF-BD12-4011F7BE099B}.Debug|Any CPU.ActiveCfg = Debug|Any CPU
		{F5083687-CF85-4EBF-BD12-4011F7BE099B}.Debug|Any CPU.Build.0 = Debug|Any CPU
		{F5083687-CF85-4EBF-BD12-4011F7BE099B}.Release|Any CPU.ActiveCfg = Release|Any CPU
		{F5083687-CF85-4EBF-BD12-4011F7BE099B}.Release|Any CPU.Build.0 = Release|Any CPU
	EndGlobalSection
	GlobalSection(SolutionProperties) = preSolution
		HideSolutionNode = FALSE
	EndGlobalSection
EndGlobal
